
Microsoft Visual Studio Solution File, Format Version 12.00
# Visual Studio Version 17
VisualStudioVersion = 17.9.34622.214
MinimumVisualStudioVersion = 10.0.40219.1
Project("{9A19103F-16F7-4668-BE54-9A1E7A4F7556}") = "ProductManagement.Domain", "ProductManagement.Domain\ProductManagement.Domain.csproj", "{AF7CC0AD-E7B5-4829-BE45-86EF1B3E7537}"
EndProject
Project("{9A19103F-16F7-4668-BE54-9A1E7A4F7556}") = "ProductManagement.Application", "ProductManagement.Application\ProductManagement.Application.csproj", "{BD564B9C-F2A9-448E-B2B6-1D569EF62BBE}"
EndProject
Project("{9A19103F-16F7-4668-BE54-9A1E7A4F7556}") = "ProductManagement.Infrastructure", "ProductManagement.Infrastructure\ProductManagement.Infrastructure.csproj", "{C3DAE3E8-E098-409C-B4AA-E1BBAF97C0A3}"
EndProject
Project("{9A19103F-16F7-4668-BE54-9A1E7A4F7556}") = "ProductManagement.API", "ProductManagement.API\ProductManagement.API.csproj", "{92AE4D87-F0B6-4715-98DD-765F25F776D8}"
EndProject
Project("{E53339B2-1760-4266-BCC7-CA923CBCF16C}") = "docker-compose", "docker-compose.dcproj", "{37E487F0-9A64-41BB-B7A8-D7AE9CF01746}"
EndProject
Global
	GlobalSection(SolutionConfigurationPlatforms) = preSolution
		Debug|Any CPU = Debug|Any CPU
		Release|Any CPU = Release|Any CPU
	EndGlobalSection
	GlobalSection(ProjectConfigurationPlatforms) = postSolution
		{AF7CC0AD-E7B5-4829-BE45-86EF1B3E7537}.Debug|Any CPU.ActiveCfg = Debug|Any CPU
		{AF7CC0AD-E7B5-4829-BE45-86EF1B3E7537}.Debug|Any CPU.Build.0 = Debug|Any CPU
		{AF7CC0AD-E7B5-4829-BE45-86EF1B3E7537}.Release|Any CPU.ActiveCfg = Release|Any CPU
		{AF7CC0AD-E7B5-4829-BE45-86EF1B3E7537}.Release|Any CPU.Build.0 = Release|Any CPU
		{BD564B9C-F2A9-448E-B2B6-1D569EF62BBE}.Debug|Any CPU.ActiveCfg = Debug|Any CPU
		{BD564B9C-F2A9-448E-B2B6-1D569EF62BBE}.Debug|Any CPU.Build.0 = Debug|Any CPU
		{BD564B9C-F2A9-448E-B2B6-1D569EF62BBE}.Release|Any CPU.ActiveCfg = Release|Any CPU
		{BD564B9C-F2A9-448E-B2B6-1D569EF62BBE}.Release|Any CPU.Build.0 = Release|Any CPU
		{C3DAE3E8-E098-409C-B4AA-E1BBAF97C0A3}.Debug|Any CPU.ActiveCfg = Debug|Any CPU
		{C3DAE3E8-E098-409C-B4AA-E1BBAF97C0A3}.Debug|Any CPU.Build.0 = Debug|Any CPU
		{C3DAE3E8-E098-409C-B4AA-E1BBAF97C0A3}.Release|Any CPU.ActiveCfg = Release|Any CPU
		{C3DAE3E8-E098-409C-B4AA-E1BBAF97C0A3}.Release|Any CPU.Build.0 = Release|Any CPU
		{92AE4D87-F0B6-4715-98DD-765F25F776D8}.Debug|Any CPU.ActiveCfg = Debug|Any CPU
		{92AE4D87-F0B6-4715-98DD-765F25F776D8}.Debug|Any CPU.Build.0 = Debug|Any CPU
		{92AE4D87-F0B6-4715-98DD-765F25F776D8}.Release|Any CPU.ActiveCfg = Release|Any CPU
		{92AE4D87-F0B6-4715-98DD-765F25F776D8}.Release|Any CPU.Build.0 = Release|Any CPU
		{37E487F0-9A64-41BB-B7A8-D7AE9CF01746}.Debug|Any CPU.ActiveCfg = Debug|Any CPU
		{37E487F0-9A64-41BB-B7A8-D7AE9CF01746}.Debug|Any CPU.Build.0 = Debug|Any CPU
		{37E487F0-9A64-41BB-B7A8-D7AE9CF01746}.Release|Any CPU.ActiveCfg = Release|Any CPU
		{37E487F0-9A64-41BB-B7A8-D7AE9CF01746}.Release|Any CPU.Build.0 = Release|Any CPU
	EndGlobalSection
	GlobalSection(SolutionProperties) = preSolution
		HideSolutionNode = FALSE
	EndGlobalSection
	GlobalSection(ExtensibilityGlobals) = postSolution
		SolutionGuid = {C276B4A2-EA71-4840-A028-A7C416E32AE0}
	EndGlobalSection
EndGlobal
