
Microsoft Visual Studio Solution File, Format Version 12.00
# Visual Studio Version 17
VisualStudioVersion = 17.9.34622.214
MinimumVisualStudioVersion = 10.0.40219.1
Project("{9A19103F-16F7-4668-BE54-9A1E7A4F7556}") = "UserManagement.Domain", "UserManagement.Domain\UserManagement.Domain.csproj", "{18C0A61F-906D-4F25-BE7C-00EACB748ADA}"
EndProject
Project("{9A19103F-16F7-4668-BE54-9A1E7A4F7556}") = "UserManagement.Infrastructure", "UserManagement.Infrastructure\UserManagement.Infrastructure.csproj", "{4D791E2A-AFD7-4BE3-B78D-1DF115D3F136}"
EndProject
Project("{9A19103F-16F7-4668-BE54-9A1E7A4F7556}") = "UserManagement.Application", "UserManagement.Application\UserManagement.Application.csproj", "{F44EDB93-CA66-4FF1-8E77-D56F132E8A06}"
EndProject
Project("{9A19103F-16F7-4668-BE54-9A1E7A4F7556}") = "UserManagement.API", "UserManagement.API\UserManagement.API.csproj", "{1BE82B09-0F39-4273-BED5-277FB89676A2}"
EndProject
Project("{E53339B2-1760-4266-BCC7-CA923CBCF16C}") = "docker-compose", "docker-compose.dcproj", "{85CA48BC-9093-4087-9F6F-CB23EAB9D8FA}"
EndProject
Global
	GlobalSection(SolutionConfigurationPlatforms) = preSolution
		Debug|Any CPU = Debug|Any CPU
		Release|Any CPU = Release|Any CPU
	EndGlobalSection
	GlobalSection(ProjectConfigurationPlatforms) = postSolution
		{18C0A61F-906D-4F25-BE7C-00EACB748ADA}.Debug|Any CPU.ActiveCfg = Debug|Any CPU
		{18C0A61F-906D-4F25-BE7C-00EACB748ADA}.Debug|Any CPU.Build.0 = Debug|Any CPU
		{18C0A61F-906D-4F25-BE7C-00EACB748ADA}.Release|Any CPU.ActiveCfg = Release|Any CPU
		{18C0A61F-906D-4F25-BE7C-00EACB748ADA}.Release|Any CPU.Build.0 = Release|Any CPU
		{4D791E2A-AFD7-4BE3-B78D-1DF115D3F136}.Debug|Any CPU.ActiveCfg = Debug|Any CPU
		{4D791E2A-AFD7-4BE3-B78D-1DF115D3F136}.Debug|Any CPU.Build.0 = Debug|Any CPU
		{4D791E2A-AFD7-4BE3-B78D-1DF115D3F136}.Release|Any CPU.ActiveCfg = Release|Any CPU
		{4D791E2A-AFD7-4BE3-B78D-1DF115D3F136}.Release|Any CPU.Build.0 = Release|Any CPU
		{F44EDB93-CA66-4FF1-8E77-D56F132E8A06}.Debug|Any CPU.ActiveCfg = Debug|Any CPU
		{F44EDB93-CA66-4FF1-8E77-D56F132E8A06}.Debug|Any CPU.Build.0 = Debug|Any CPU
		{F44EDB93-CA66-4FF1-8E77-D56F132E8A06}.Release|Any CPU.ActiveCfg = Release|Any CPU
		{F44EDB93-CA66-4FF1-8E77-D56F132E8A06}.Release|Any CPU.Build.0 = Release|Any CPU
		{1BE82B09-0F39-4273-BED5-277FB89676A2}.Debug|Any CPU.ActiveCfg = Debug|Any CPU
		{1BE82B09-0F39-4273-BED5-277FB89676A2}.Debug|Any CPU.Build.0 = Debug|Any CPU
		{1BE82B09-0F39-4273-BED5-277FB89676A2}.Release|Any CPU.ActiveCfg = Release|Any CPU
		{1BE82B09-0F39-4273-BED5-277FB89676A2}.Release|Any CPU.Build.0 = Release|Any CPU
		{85CA48BC-9093-4087-9F6F-CB23EAB9D8FA}.Debug|Any CPU.ActiveCfg = Debug|Any CPU
		{85CA48BC-9093-4087-9F6F-CB23EAB9D8FA}.Debug|Any CPU.Build.0 = Debug|Any CPU
		{85CA48BC-9093-4087-9F6F-CB23EAB9D8FA}.Release|Any CPU.ActiveCfg = Release|Any CPU
		{85CA48BC-9093-4087-9F6F-CB23EAB9D8FA}.Release|Any CPU.Build.0 = Release|Any CPU
	EndGlobalSection
	GlobalSection(SolutionProperties) = preSolution
		HideSolutionNode = FALSE
	EndGlobalSection
	GlobalSection(ExtensibilityGlobals) = postSolution
		SolutionGuid = {FBFE4514-1841-4CF3-98A8-079201A9572C}
	EndGlobalSection
EndGlobal
