
Microsoft Visual Studio Solution File, Format Version 12.00
# Visual Studio Version 17
VisualStudioVersion = 17.9.34622.214
MinimumVisualStudioVersion = 10.0.40219.1
Project("{2150E333-8FDC-42A3-9474-1A3956D46DE8}") = "src", "src", "{0D06BC61-3878-4405-9CBD-E66FE1F40727}"
EndProject
Project("{FAE04EC0-301F-11D3-BF4B-00C04F79EFBC}") = "ApiGeteway", "ApiGeteway\ApiGeteway.csproj", "{3E873452-A663-4500-BD8B-DF7FD25AD179}"
EndProject
Project("{E53339B2-1760-4266-BCC7-CA923CBCF16C}") = "docker-compose", "docker-compose.dcproj", "{EB71F2EF-8749-4A2C-AD0D-8A38A07FE443}"
EndProject
Global
	GlobalSection(SolutionConfigurationPlatforms) = preSolution
		Debug|Any CPU = Debug|Any CPU
		Release|Any CPU = Release|Any CPU
	EndGlobalSection
	GlobalSection(ProjectConfigurationPlatforms) = postSolution
		{3E873452-A663-4500-BD8B-DF7FD25AD179}.Debug|Any CPU.ActiveCfg = Debug|Any CPU
		{3E873452-A663-4500-BD8B-DF7FD25AD179}.Debug|Any CPU.Build.0 = Debug|Any CPU
		{3E873452-A663-4500-BD8B-DF7FD25AD179}.Release|Any CPU.ActiveCfg = Release|Any CPU
		{3E873452-A663-4500-BD8B-DF7FD25AD179}.Release|Any CPU.Build.0 = Release|Any CPU
		{EB71F2EF-8749-4A2C-AD0D-8A38A07FE443}.Debug|Any CPU.ActiveCfg = Debug|Any CPU
		{EB71F2EF-8749-4A2C-AD0D-8A38A07FE443}.Debug|Any CPU.Build.0 = Debug|Any CPU
		{EB71F2EF-8749-4A2C-AD0D-8A38A07FE443}.Release|Any CPU.ActiveCfg = Release|Any CPU
		{EB71F2EF-8749-4A2C-AD0D-8A38A07FE443}.Release|Any CPU.Build.0 = Release|Any CPU
	EndGlobalSection
	GlobalSection(SolutionProperties) = preSolution
		HideSolutionNode = FALSE
	EndGlobalSection
	GlobalSection(ExtensibilityGlobals) = postSolution
		SolutionGuid = {2AFE6BED-6F74-4A89-AB51-7CEECC988862}
	EndGlobalSection
EndGlobal
